
Microsoft Visual Studio Solution File, Format Version 12.00
# Visual Studio 15
VisualStudioVersion = 15.0.27130.2036
MinimumVisualStudioVersion = 10.0.40219.1
Project("{9092AA53-FB77-4645-B42D-1CCCA6BD08BD}") = "DevApp", "DevApp.njsproj", "{E54BB5E3-1657-4B25-A4BE-1BAF3C21A5C5}"
EndProject
Global
	GlobalSection(SolutionConfigurationPlatforms) = preSolution
		Debug|Any CPU = Debug|Any CPU
		Release|Any CPU = Release|Any CPU
	EndGlobalSection
	GlobalSection(ProjectConfigurationPlatforms) = postSolution
		{E54BB5E3-1657-4B25-A4BE-1BAF3C21A5C5}.Debug|Any CPU.ActiveCfg = Debug|Any CPU
		{E54BB5E3-1657-4B25-A4BE-1BAF3C21A5C5}.Debug|Any CPU.Build.0 = Debug|Any CPU
		{E54BB5E3-1657-4B25-A4BE-1BAF3C21A5C5}.Release|Any CPU.ActiveCfg = Release|Any CPU
		{E54BB5E3-1657-4B25-A4BE-1BAF3C21A5C5}.Release|Any CPU.Build.0 = Release|Any CPU
	EndGlobalSection
	GlobalSection(SolutionProperties) = preSolution
		HideSolutionNode = FALSE
	EndGlobalSection
	GlobalSection(ExtensibilityGlobals) = postSolution
		SolutionGuid = {3A046008-8DA0-4C90-A0EE-87D782B98A11}
	EndGlobalSection
EndGlobal
